// !$*UTF8*$!
{
	archiveVersion = 1;
	classes = {
	};
	objectVersion = 48;
	objects = {

/* Begin PBXBuildFile section */
		3E5386851FE07DF400E17A46 /* AppDelegate.swift in Sources */ = {isa = PBXBuildFile; fileRef = 3E5386841FE07DF400E17A46 /* AppDelegate.swift */; };
		3E5386871FE07DF400E17A46 /* WelcomeVC.swift in Sources */ = {isa = PBXBuildFile; fileRef = 3E5386861FE07DF400E17A46 /* WelcomeVC.swift */; };
		3E53868A1FE07DF400E17A46 /* Main.storyboard in Resources */ = {isa = PBXBuildFile; fileRef = 3E5386881FE07DF400E17A46 /* Main.storyboard */; };
		3E53868C1FE07DF400E17A46 /* Assets.xcassets in Resources */ = {isa = PBXBuildFile; fileRef = 3E53868B1FE07DF400E17A46 /* Assets.xcassets */; };
		3E53868F1FE07DF400E17A46 /* LaunchScreen.storyboard in Resources */ = {isa = PBXBuildFile; fileRef = 3E53868D1FE07DF400E17A46 /* LaunchScreen.storyboard */; };
		3E5386981FE0823D00E17A46 /* BorderButton.swift in Sources */ = {isa = PBXBuildFile; fileRef = 3E5386971FE0823D00E17A46 /* BorderButton.swift */; };
		3E53869E1FE09F9000E17A46 /* SkillVC.swift in Sources */ = {isa = PBXBuildFile; fileRef = 3E53869D1FE09F9000E17A46 /* SkillVC.swift */; };
		3E5386A01FE0A24D00E17A46 /* LeagueVC.swift in Sources */ = {isa = PBXBuildFile; fileRef = 3E53869F1FE0A24D00E17A46 /* LeagueVC.swift */; };
		3E53C06F1FE16C6D001830A4 /* Player.swift in Sources */ = {isa = PBXBuildFile; fileRef = 3E53C06E1FE16C6D001830A4 /* Player.swift */; };
/* End PBXBuildFile section */

/* Begin PBXFileReference section */
		3E5386811FE07DF400E17A46 /* Swoosh.app */ = {isa = PBXFileReference; explicitFileType = wrapper.application; includeInIndex = 0; path = Swoosh.app; sourceTree = BUILT_PRODUCTS_DIR; };
		3E5386841FE07DF400E17A46 /* AppDelegate.swift */ = {isa = PBXFileReference; lastKnownFileType = sourcecode.swift; path = AppDelegate.swift; sourceTree = "<group>"; };
		3E5386861FE07DF400E17A46 /* WelcomeVC.swift */ = {isa = PBXFileReference; lastKnownFileType = sourcecode.swift; path = WelcomeVC.swift; sourceTree = "<group>"; };
		3E5386891FE07DF400E17A46 /* Base */ = {isa = PBXFileReference; lastKnownFileType = file.storyboard; name = Base; path = Base.lproj/Main.storyboard; sourceTree = "<group>"; };
		3E53868B1FE07DF400E17A46 /* Assets.xcassets */ = {isa = PBXFileReference; lastKnownFileType = folder.assetcatalog; path = Assets.xcassets; sourceTree = "<group>"; };
		3E53868E1FE07DF400E17A46 /* Base */ = {isa = PBXFileReference; lastKnownFileType = file.storyboard; name = Base; path = Base.lproj/LaunchScreen.storyboard; sourceTree = "<group>"; };
		3E5386901FE07DF400E17A46 /* Info.plist */ = {isa = PBXFileReference; lastKnownFileType = text.plist.xml; path = Info.plist; sourceTree = "<group>"; };
		3E5386971FE0823D00E17A46 /* BorderButton.swift */ = {isa = PBXFileReference; lastKnownFileType = sourcecode.swift; path = BorderButton.swift; sourceTree = "<group>"; };
		3E53869D1FE09F9000E17A46 /* SkillVC.swift */ = {isa = PBXFileReference; lastKnownFileType = sourcecode.swift; path = SkillVC.swift; sourceTree = "<group>"; };
		3E53869F1FE0A24D00E17A46 /* LeagueVC.swift */ = {isa = PBXFileReference; lastKnownFileType = sourcecode.swift; path = LeagueVC.swift; sourceTree = "<group>"; };
		3E53C06E1FE16C6D001830A4 /* Player.swift */ = {isa = PBXFileReference; lastKnownFileType = sourcecode.swift; path = Player.swift; sourceTree = "<group>"; };
/* End PBXFileReference section */

/* Begin PBXFrameworksBuildPhase section */
		3E53867E1FE07DF400E17A46 /* Frameworks */ = {
			isa = PBXFrameworksBuildPhase;
			buildActionMask = 2147483647;
			files = (
			);
			runOnlyForDeploymentPostprocessing = 0;
		};
/* End PBXFrameworksBuildPhase section */

/* Begin PBXGroup section */
		3E5386781FE07DF300E17A46 = {
			isa = PBXGroup;
			children = (
				3E5386831FE07DF400E17A46 /* Swoosh */,
				3E5386821FE07DF400E17A46 /* Products */,
			);
			sourceTree = "<group>";
		};
		3E5386821FE07DF400E17A46 /* Products */ = {
			isa = PBXGroup;
			children = (
				3E5386811FE07DF400E17A46 /* Swoosh.app */,
			);
			name = Products;
			sourceTree = "<group>";
		};
		3E5386831FE07DF400E17A46 /* Swoosh */ = {
			isa = PBXGroup;
			children = (
				3E53869A1FE09EF400E17A46 /* Controller */,
				3E5386991FE09EE800E17A46 /* Model */,
				3E5386961FE0820200E17A46 /* View */,
				3E5386841FE07DF400E17A46 /* AppDelegate.swift */,
				3E5386881FE07DF400E17A46 /* Main.storyboard */,
				3E53868B1FE07DF400E17A46 /* Assets.xcassets */,
				3E53868D1FE07DF400E17A46 /* LaunchScreen.storyboard */,
				3E5386901FE07DF400E17A46 /* Info.plist */,
			);
			path = Swoosh;
			sourceTree = "<group>";
		};
		3E5386961FE0820200E17A46 /* View */ = {
			isa = PBXGroup;
			children = (
				3E5386861FE07DF400E17A46 /* WelcomeVC.swift */,
				3E5386971FE0823D00E17A46 /* BorderButton.swift */,
				3E53869D1FE09F9000E17A46 /* SkillVC.swift */,
				3E53869F1FE0A24D00E17A46 /* LeagueVC.swift */,
			);
			path = View;
			sourceTree = "<group>";
		};
		3E5386991FE09EE800E17A46 /* Model */ = {
			isa = PBXGroup;
			children = (
				3E53C06E1FE16C6D001830A4 /* Player.swift */,
			);
			path = Model;
			sourceTree = "<group>";
		};
		3E53869A1FE09EF400E17A46 /* Controller */ = {
			isa = PBXGroup;
			children = (
			);
			path = Controller;
			sourceTree = "<group>";
		};
/* End PBXGroup section */

/* Begin PBXNativeTarget section */
		3E5386801FE07DF400E17A46 /* Swoosh */ = {
			isa = PBXNativeTarget;
			buildConfigurationList = 3E5386931FE07DF400E17A46 /* Build configuration list for PBXNativeTarget "Swoosh" */;
			buildPhases = (
				3E53867D1FE07DF400E17A46 /* Sources */,
				3E53867E1FE07DF400E17A46 /* Frameworks */,
				3E53867F1FE07DF400E17A46 /* Resources */,
			);
			buildRules = (
			);
			dependencies = (
			);
			name = Swoosh;
			productName = Swoosh;
			productReference = 3E5386811FE07DF400E17A46 /* Swoosh.app */;
			productType = "com.apple.product-type.application";
		};
/* End PBXNativeTarget section */

/* Begin PBXProject section */
		3E5386791FE07DF400E17A46 /* Project object */ = {
			isa = PBXProject;
			attributes = {
				LastSwiftUpdateCheck = 0910;
				LastUpgradeCheck = 0910;
				ORGANIZATIONNAME = Appcation;
				TargetAttributes = {
					3E5386801FE07DF400E17A46 = {
						CreatedOnToolsVersion = 9.1;
						ProvisioningStyle = Automatic;
					};
				};
			};
			buildConfigurationList = 3E53867C1FE07DF400E17A46 /* Build configuration list for PBXProject "Swoosh" */;
			compatibilityVersion = "Xcode 8.0";
			developmentRegion = en;
			hasScannedForEncodings = 0;
			knownRegions = (
				en,
				Base,
			);
			mainGroup = 3E5386781FE07DF300E17A46;
			productRefGroup = 3E5386821FE07DF400E17A46 /* Products */;
			projectDirPath = "";
			projectRoot = "";
			targets = (
				3E5386801FE07DF400E17A46 /* Swoosh */,
			);
		};
/* End PBXProject section */

/* Begin PBXResourcesBuildPhase section */
		3E53867F1FE07DF400E17A46 /* Resources */ = {
			isa = PBXResourcesBuildPhase;
			buildActionMask = 2147483647;
			files = (
				3E53868F1FE07DF400E17A46 /* LaunchScreen.storyboard in Resources */,
				3E53868C1FE07DF400E17A46 /* Assets.xcassets in Resources */,
				3E53868A1FE07DF400E17A46 /* Main.storyboard in Resources */,
			);
			runOnlyForDeploymentPostprocessing = 0;
		};
/* End PBXResourcesBuildPhase section */

/* Begin PBXSourcesBuildPhase section */
		3E53867D1FE07DF400E17A46 /* Sources */ = {
			isa = PBXSourcesBuildPhase;
			buildActionMask = 2147483647;
			files = (
				3E5386A01FE0A24D00E17A46 /* LeagueVC.swift in Sources */,
				3E5386871FE07DF400E17A46 /* WelcomeVC.swift in Sources */,
				3E5386851FE07DF400E17A46 /* AppDelegate.swift in Sources */,
				3E53869E1FE09F9000E17A46 /* SkillVC.swift in Sources */,
				3E53C06F1FE16C6D001830A4 /* Player.swift in Sources */,
				3E5386981FE0823D00E17A46 /* BorderButton.swift in Sources */,
			);
			runOnlyForDeploymentPostprocessing = 0;
		};
/* End PBXSourcesBuildPhase section */

/* Begin PBXVariantGroup section */
		3E5386881FE07DF400E17A46 /* Main.storyboard */ = {
			isa = PBXVariantGroup;
			children = (
				3E5386891FE07DF400E17A46 /* Base */,
			);
			name = Main.storyboard;
			sourceTree = "<group>";
		};
		3E53868D1FE07DF400E17A46 /* LaunchScreen.storyboard */ = {
			isa = PBXVariantGroup;
			children = (
				3E53868E1FE07DF400E17A46 /* Base */,
			);
			name = LaunchScreen.storyboard;
			sourceTree = "<group>";
		};
/* End PBXVariantGroup section */

/* Begin XCBuildConfiguration section */
		3E5386911FE07DF400E17A46 /* Debug */ = {
			isa = XCBuildConfiguration;
			buildSettings = {
				ALWAYS_SEARCH_USER_PATHS = NO;
				CLANG_ANALYZER_NONNULL = YES;
				CLANG_ANALYZER_NUMBER_OBJECT_CONVERSION = YES_AGGRESSIVE;
				CLANG_CXX_LANGUAGE_STANDARD = "gnu++14";
				CLANG_CXX_LIBRARY = "libc++";
				CLANG_ENABLE_MODULES = YES;
				CLANG_ENABLE_OBJC_ARC = YES;
				CLANG_WARN_BLOCK_CAPTURE_AUTORELEASING = YES;
				CLANG_WARN_BOOL_CONVERSION = YES;
				CLANG_WARN_COMMA = YES;
				CLANG_WARN_CONSTANT_CONVERSION = YES;
				CLANG_WARN_DIRECT_OBJC_ISA_USAGE = YES_ERROR;
				CLANG_WARN_DOCUMENTATION_COMMENTS = YES;
				CLANG_WARN_EMPTY_BODY = YES;
				CLANG_WARN_ENUM_CONVERSION = YES;
				CLANG_WARN_INFINITE_RECURSION = YES;
				CLANG_WARN_INT_CONVERSION = YES;
				CLANG_WARN_NON_LITERAL_NULL_CONVERSION = YES;
				CLANG_WARN_OBJC_LITERAL_CONVERSION = YES;
				CLANG_WARN_OBJC_ROOT_CLASS = YES_ERROR;
				CLANG_WARN_RANGE_LOOP_ANALYSIS = YES;
				CLANG_WARN_STRICT_PROTOTYPES = YES;
				CLANG_WARN_SUSPICIOUS_MOVE = YES;
				CLANG_WARN_UNGUARDED_AVAILABILITY = YES_AGGRESSIVE;
				CLANG_WARN_UNREACHABLE_CODE = YES;
				CLANG_WARN__DUPLICATE_METHOD_MATCH = YES;
				CODE_SIGN_IDENTITY = "iPhone Developer";
				COPY_PHASE_STRIP = NO;
				DEBUG_INFORMATION_FORMAT = dwarf;
				ENABLE_STRICT_OBJC_MSGSEND = YES;
				ENABLE_TESTABILITY = YES;
				GCC_C_LANGUAGE_STANDARD = gnu11;
				GCC_DYNAMIC_NO_PIC = NO;
				GCC_NO_COMMON_BLOCKS = YES;
				GCC_OPTIMIZATION_LEVEL = 0;
				GCC_PREPROCESSOR_DEFINITIONS = (
					"DEBUG=1",
					"$(inherited)",
				);
				GCC_WARN_64_TO_32_BIT_CONVERSION = YES;
				GCC_WARN_ABOUT_RETURN_TYPE = YES_ERROR;
				GCC_WARN_UNDECLARED_SELECTOR = YES;
				GCC_WARN_UNINITIALIZED_AUTOS = YES_AGGRESSIVE;
				GCC_WARN_UNUSED_FUNCTION = YES;
				GCC_WARN_UNUSED_VARIABLE = YES;
				IPHONEOS_DEPLOYMENT_TARGET = 11.1;
				MTL_ENABLE_DEBUG_INFO = YES;
				ONLY_ACTIVE_ARCH = YES;
				SDKROOT = iphoneos;
				SWIFT_ACTIVE_COMPILATION_CONDITIONS = DEBUG;
				SWIFT_OPTIMIZATION_LEVEL = "-Onone";
			};
			name = Debug;
		};
		3E5386921FE07DF400E17A46 /* Release */ = {
			isa = XCBuildConfiguration;
			buildSettings = {
				ALWAYS_SEARCH_USER_PATHS = NO;
				CLANG_ANALYZER_NONNULL = YES;
				CLANG_ANALYZER_NUMBER_OBJECT_CONVERSION = YES_AGGRESSIVE;
				CLANG_CXX_LANGUAGE_STANDARD = "gnu++14";
				CLANG_CXX_LIBRARY = "libc++";
				CLANG_ENABLE_MODULES = YES;
				CLANG_ENABLE_OBJC_ARC = YES;
				CLANG_WARN_BLOCK_CAPTURE_AUTORELEASING = YES;
				CLANG_WARN_BOOL_CONVERSION = YES;
				CLANG_WARN_COMMA = YES;
				CLANG_WARN_CONSTANT_CONVERSION = YES;
				CLANG_WARN_DIRECT_OBJC_ISA_USAGE = YES_ERROR;
				CLANG_WARN_DOCUMENTATION_COMMENTS = YES;
				CLANG_WARN_EMPTY_BODY = YES;
				CLANG_WARN_ENUM_CONVERSION = YES;
				CLANG_WARN_INFINITE_RECURSION = YES;
				CLANG_WARN_INT_CONVERSION = YES;
				CLANG_WARN_NON_LITERAL_NULL_CONVERSION = YES;
				CLANG_WARN_OBJC_LITERAL_CONVERSION = YES;
				CLANG_WARN_OBJC_ROOT_CLASS = YES_ERROR;
				CLANG_WARN_RANGE_LOOP_ANALYSIS = YES;
				CLANG_WARN_STRICT_PROTOTYPES = YES;
				CLANG_WARN_SUSPICIOUS_MOVE = YES;
				CLANG_WARN_UNGUARDED_AVAILABILITY = YES_AGGRESSIVE;
				CLANG_WARN_UNREACHABLE_CODE = YES;
				CLANG_WARN__DUPLICATE_METHOD_MATCH = YES;
				CODE_SIGN_IDENTITY = "iPhone Developer";
				COPY_PHASE_STRIP = NO;
				DEBUG_INFORMATION_FORMAT = "dwarf-with-dsym";
				ENABLE_NS_ASSERTIONS = NO;
				ENABLE_STRICT_OBJC_MSGSEND = YES;
				GCC_C_LANGUAGE_STANDARD = gnu11;
				GCC_NO_COMMON_BLOCKS = YES;
				GCC_WARN_64_TO_32_BIT_CONVERSION = YES;
				GCC_WARN_ABOUT_RETURN_TYPE = YES_ERROR;
				GCC_WARN_UNDECLARED_SELECTOR = YES;
				GCC_WARN_UNINITIALIZED_AUTOS = YES_AGGRESSIVE;
				GCC_WARN_UNUSED_FUNCTION = YES;
				GCC_WARN_UNUSED_VARIABLE = YES;
				IPHONEOS_DEPLOYMENT_TARGET = 11.1;
				MTL_ENABLE_DEBUG_INFO = NO;
				SDKROOT = iphoneos;
				SWIFT_OPTIMIZATION_LEVEL = "-Owholemodule";
				VALIDATE_PRODUCT = YES;
			};
			name = Release;
		};
		3E5386941FE07DF400E17A46 /* Debug */ = {
			isa = XCBuildConfiguration;
			buildSettings = {
				ASSETCATALOG_COMPILER_APPICON_NAME = AppIcon;
				CODE_SIGN_STYLE = Automatic;
				DEVELOPMENT_TEAM = 78H7JVTAQQ;
				INFOPLIST_FILE = Swoosh/Info.plist;
				LD_RUNPATH_SEARCH_PATHS = "$(inherited) @executable_path/Frameworks";
				PRODUCT_BUNDLE_IDENTIFIER = com.riotchild.roma.Swoosh;
				PRODUCT_NAME = "$(TARGET_NAME)";
				SWIFT_VERSION = 4.0;
				TARGETED_DEVICE_FAMILY = "1,2";
			};
			name = Debug;
		};
		3E5386951FE07DF400E17A46 /* Release */ = {
			isa = XCBuildConfiguration;
			buildSettings = {
				ASSETCATALOG_COMPILER_APPICON_NAME = AppIcon;
				CODE_SIGN_STYLE = Automatic;
				DEVELOPMENT_TEAM = 78H7JVTAQQ;
				INFOPLIST_FILE = Swoosh/Info.plist;
				LD_RUNPATH_SEARCH_PATHS = "$(inherited) @executable_path/Frameworks";
				PRODUCT_BUNDLE_IDENTIFIER = com.riotchild.roma.Swoosh;
				PRODUCT_NAME = "$(TARGET_NAME)";
				SWIFT_VERSION = 4.0;
				TARGETED_DEVICE_FAMILY = "1,2";
			};
			name = Release;
		};
/* End XCBuildConfiguration section */

/* Begin XCConfigurationList section */
		3E53867C1FE07DF400E17A46 /* Build configuration list for PBXProject "Swoosh" */ = {
			isa = XCConfigurationList;
			buildConfigurations = (
				3E5386911FE07DF400E17A46 /* Debug */,
				3E5386921FE07DF400E17A46 /* Release */,
			);
			defaultConfigurationIsVisible = 0;
			defaultConfigurationName = Release;
		};
		3E5386931FE07DF400E17A46 /* Build configuration list for PBXNativeTarget "Swoosh" */ = {
			isa = XCConfigurationList;
			buildConfigurations = (
				3E5386941FE07DF400E17A46 /* Debug */,
				3E5386951FE07DF400E17A46 /* Release */,
			);
			defaultConfigurationIsVisible = 0;
			defaultConfigurationName = Release;
		};
/* End XCConfigurationList section */
	};
	rootObject = 3E5386791FE07DF400E17A46 /* Project object */;
}
